
Microsoft Visual Studio Solution File, Format Version 12.00
# Visual Studio Version 16
VisualStudioVersion = 16.0.30225.117
MinimumVisualStudioVersion = 10.0.40219.1
Project("{9A19103F-16F7-4668-BE54-9A1E7A4F7556}") = "transcoder", "transcoder\transcoder.csproj", "{5D642FF1-BBD9-451F-9B8D-B273AEF5C549}"
EndProject
Project("{9A19103F-16F7-4668-BE54-9A1E7A4F7556}") = "ShowPCUsage", "ShowPCUsage\ShowPCUsage.csproj", "{7F117B37-57FD-4514-9AE9-2A1DE5887EFE}"
EndProject
Project("{2150E333-8FDC-42A3-9474-1A3956D46DE8}") = "Solution Items", "Solution Items", "{6CF8002A-C4E9-4756-BD59-62678DF8F5CE}"
	ProjectSection(SolutionItems) = preProject
		.gitignore = .gitignore
		LICENSE = LICENSE
		README.md = README.md
	EndProjectSection
EndProject
Global
	GlobalSection(SolutionConfigurationPlatforms) = preSolution
		Debug|Any CPU = Debug|Any CPU
		Release|Any CPU = Release|Any CPU
	EndGlobalSection
	GlobalSection(ProjectConfigurationPlatforms) = postSolution
		{5D642FF1-BBD9-451F-9B8D-B273AEF5C549}.Debug|Any CPU.ActiveCfg = Debug|Any CPU
		{5D642FF1-BBD9-451F-9B8D-B273AEF5C549}.Debug|Any CPU.Build.0 = Debug|Any CPU
		{5D642FF1-BBD9-451F-9B8D-B273AEF5C549}.Release|Any CPU.ActiveCfg = Release|Any CPU
		{5D642FF1-BBD9-451F-9B8D-B273AEF5C549}.Release|Any CPU.Build.0 = Release|Any CPU
		{7F117B37-57FD-4514-9AE9-2A1DE5887EFE}.Debug|Any CPU.ActiveCfg = Debug|Any CPU
		{7F117B37-57FD-4514-9AE9-2A1DE5887EFE}.Debug|Any CPU.Build.0 = Debug|Any CPU
		{7F117B37-57FD-4514-9AE9-2A1DE5887EFE}.Release|Any CPU.ActiveCfg = Release|Any CPU
		{7F117B37-57FD-4514-9AE9-2A1DE5887EFE}.Release|Any CPU.Build.0 = Release|Any CPU
	EndGlobalSection
	GlobalSection(SolutionProperties) = preSolution
		HideSolutionNode = FALSE
	EndGlobalSection
	GlobalSection(ExtensibilityGlobals) = postSolution
		SolutionGuid = {9E81857F-E073-47E0-A878-7B3830AE084E}
	EndGlobalSection
EndGlobal
