
Microsoft Visual Studio Solution File, Format Version 12.00
# Visual Studio Version 16
VisualStudioVersion = 16.0.31205.134
MinimumVisualStudioVersion = 10.0.40219.1
Project("{9A19103F-16F7-4668-BE54-9A1E7A4F7556}") = "transcoder", "transcoder.csproj", "{B729DCF4-6D0B-4BEB-85F7-C341A74DD533}"
EndProject
Global
	GlobalSection(SolutionConfigurationPlatforms) = preSolution
		Debug|Any CPU = Debug|Any CPU
		Release|Any CPU = Release|Any CPU
	EndGlobalSection
	GlobalSection(ProjectConfigurationPlatforms) = postSolution
		{B729DCF4-6D0B-4BEB-85F7-C341A74DD533}.Debug|Any CPU.ActiveCfg = Debug|Any CPU
		{B729DCF4-6D0B-4BEB-85F7-C341A74DD533}.Debug|Any CPU.Build.0 = Debug|Any CPU
		{B729DCF4-6D0B-4BEB-85F7-C341A74DD533}.Release|Any CPU.ActiveCfg = Release|Any CPU
		{B729DCF4-6D0B-4BEB-85F7-C341A74DD533}.Release|Any CPU.Build.0 = Release|Any CPU
	EndGlobalSection
	GlobalSection(SolutionProperties) = preSolution
		HideSolutionNode = FALSE
	EndGlobalSection
	GlobalSection(ExtensibilityGlobals) = postSolution
		SolutionGuid = {1D7A3E31-9038-4C72-BB5F-48D0F2194045}
	EndGlobalSection
EndGlobal
